
Microsoft Visual Studio Solution File, Format Version 12.00
# Visual Studio Version 17
VisualStudioVersion = 17.5.002.0
MinimumVisualStudioVersion = 10.0.40219.1
Project("{9A19103F-16F7-4668-BE54-9A1E7A4F7556}") = "TheLostWorld", "TheLostWorld.csproj", "{BC06C2C6-D477-4FD9-A337-F6AC6657358E}"
EndProject
Global
	GlobalSection(SolutionConfigurationPlatforms) = preSolution
		Debug|Any CPU = Debug|Any CPU
		Release|Any CPU = Release|Any CPU
	EndGlobalSection
	GlobalSection(ProjectConfigurationPlatforms) = postSolution
		{BC06C2C6-D477-4FD9-A337-F6AC6657358E}.Debug|Any CPU.ActiveCfg = Debug|Any CPU
		{BC06C2C6-D477-4FD9-A337-F6AC6657358E}.Debug|Any CPU.Build.0 = Debug|Any CPU
		{BC06C2C6-D477-4FD9-A337-F6AC6657358E}.Release|Any CPU.ActiveCfg = Release|Any CPU
		{BC06C2C6-D477-4FD9-A337-F6AC6657358E}.Release|Any CPU.Build.0 = Release|Any CPU
	EndGlobalSection
	GlobalSection(SolutionProperties) = preSolution
		HideSolutionNode = FALSE
	EndGlobalSection
	GlobalSection(ExtensibilityGlobals) = postSolution
		SolutionGuid = {255F71D2-D63C-4A08-9359-F2E9C4AC13C7}
	EndGlobalSection
EndGlobal
